
Microsoft Visual Studio Solution File, Format Version 12.00
# Visual Studio Version 17
VisualStudioVersion = 17.1.32228.430
MinimumVisualStudioVersion = 10.0.40219.1
Project("{9A19103F-16F7-4668-BE54-9A1E7A4F7556}") = "CapaBLL", "ClaseBLL\CapaBLL.csproj", "{BFF09FB0-A553-4B0E-B76C-7B8858B47B02}"
EndProject
Project("{9A19103F-16F7-4668-BE54-9A1E7A4F7556}") = "CapaDAL", "CapaDAL\CapaDAL.csproj", "{9B4BAF0B-D120-4C9A-83E2-F9EB63FC9BBE}"
EndProject
Project("{FAE04EC0-301F-11D3-BF4B-00C04F79EFBC}") = "UI", "UI\UI.csproj", "{33DA333A-16E6-48B0-B4DF-12EF09FFF6BA}"
EndProject
Global
	GlobalSection(SolutionConfigurationPlatforms) = preSolution
		Debug|Any CPU = Debug|Any CPU
		Release|Any CPU = Release|Any CPU
	EndGlobalSection
	GlobalSection(ProjectConfigurationPlatforms) = postSolution
		{BFF09FB0-A553-4B0E-B76C-7B8858B47B02}.Debug|Any CPU.ActiveCfg = Debug|Any CPU
		{BFF09FB0-A553-4B0E-B76C-7B8858B47B02}.Debug|Any CPU.Build.0 = Debug|Any CPU
		{BFF09FB0-A553-4B0E-B76C-7B8858B47B02}.Release|Any CPU.ActiveCfg = Release|Any CPU
		{BFF09FB0-A553-4B0E-B76C-7B8858B47B02}.Release|Any CPU.Build.0 = Release|Any CPU
		{9B4BAF0B-D120-4C9A-83E2-F9EB63FC9BBE}.Debug|Any CPU.ActiveCfg = Debug|Any CPU
		{9B4BAF0B-D120-4C9A-83E2-F9EB63FC9BBE}.Debug|Any CPU.Build.0 = Debug|Any CPU
		{9B4BAF0B-D120-4C9A-83E2-F9EB63FC9BBE}.Release|Any CPU.ActiveCfg = Release|Any CPU
		{9B4BAF0B-D120-4C9A-83E2-F9EB63FC9BBE}.Release|Any CPU.Build.0 = Release|Any CPU
		{33DA333A-16E6-48B0-B4DF-12EF09FFF6BA}.Debug|Any CPU.ActiveCfg = Debug|Any CPU
		{33DA333A-16E6-48B0-B4DF-12EF09FFF6BA}.Debug|Any CPU.Build.0 = Debug|Any CPU
		{33DA333A-16E6-48B0-B4DF-12EF09FFF6BA}.Release|Any CPU.ActiveCfg = Release|Any CPU
		{33DA333A-16E6-48B0-B4DF-12EF09FFF6BA}.Release|Any CPU.Build.0 = Release|Any CPU
	EndGlobalSection
	GlobalSection(SolutionProperties) = preSolution
		HideSolutionNode = FALSE
	EndGlobalSection
	GlobalSection(ExtensibilityGlobals) = postSolution
		SolutionGuid = {1AB52BE0-8928-4219-8FCD-6970A28807DE}
	EndGlobalSection
EndGlobal
